
Microsoft Visual Studio Solution File, Format Version 12.00
# Visual Studio Version 16
VisualStudioVersion = 16.0.33801.447
MinimumVisualStudioVersion = 10.0.40219.1
Project("{FAE04EC0-301F-11D3-BF4B-00C04F79EFBC}") = "PIM_III", "PIM_III\PIM_III.csproj", "{79F6F82B-98BC-4EEF-B479-7D71508C59A4}"
EndProject
Global
	GlobalSection(SolutionConfigurationPlatforms) = preSolution
		Debug|Any CPU = Debug|Any CPU
		Release|Any CPU = Release|Any CPU
	EndGlobalSection
	GlobalSection(ProjectConfigurationPlatforms) = postSolution
		{79F6F82B-98BC-4EEF-B479-7D71508C59A4}.Debug|Any CPU.ActiveCfg = Debug|Any CPU
		{79F6F82B-98BC-4EEF-B479-7D71508C59A4}.Debug|Any CPU.Build.0 = Debug|Any CPU
		{79F6F82B-98BC-4EEF-B479-7D71508C59A4}.Release|Any CPU.ActiveCfg = Release|Any CPU
		{79F6F82B-98BC-4EEF-B479-7D71508C59A4}.Release|Any CPU.Build.0 = Release|Any CPU
	EndGlobalSection
	GlobalSection(SolutionProperties) = preSolution
		HideSolutionNode = FALSE
	EndGlobalSection
	GlobalSection(ExtensibilityGlobals) = postSolution
		SolutionGuid = {70DB88AE-2ACA-4D86-9526-1779546D6CCA}
	EndGlobalSection
EndGlobal
